# This file was autogenerated by uv via the following command:
#    uv pip compile pyproject.toml -o uv.lock
aiohappyeyeballs==2.6.1
    # via
    #   reasoning-agent (pyproject.toml)
    #   aiohttp
aiohttp==3.11.14
    # via
    #   reasoning-agent (pyproject.toml)
    #   langchain-community
aiosignal==1.3.2
    # via
    #   reasoning-agent (pyproject.toml)
    #   aiohttp
annotated-types==0.7.0
    # via
    #   reasoning-agent (pyproject.toml)
    #   pydantic
anyio==4.9.0
    # via
    #   reasoning-agent (pyproject.toml)
    #   httpx
    #   openai
    #   starlette
    #   watchfiles
attrs==25.3.0
    # via
    #   reasoning-agent (pyproject.toml)
    #   aiohttp
boto3==1.37.26
    # via reasoning-agent (pyproject.toml)
botocore==1.37.26
    # via
    #   reasoning-agent (pyproject.toml)
    #   boto3
    #   s3transfer
cachetools==5.5.2
    # via
    #   reasoning-agent (pyproject.toml)
    #   google-auth
certifi==2025.1.31
    # via
    #   reasoning-agent (pyproject.toml)
    #   httpcore
    #   httpx
    #   requests
charset-normalizer==3.4.1
    # via
    #   reasoning-agent (pyproject.toml)
    #   requests
click==8.1.8
    # via
    #   reasoning-agent (pyproject.toml)
    #   uvicorn
dataclasses-json==0.6.7
    # via
    #   reasoning-agent (pyproject.toml)
    #   langchain-community
distro==1.9.0
    # via
    #   reasoning-agent (pyproject.toml)
    #   openai
fastapi==0.115.12
    # via reasoning-agent (pyproject.toml)
filetype==1.2.0
    # via
    #   reasoning-agent (pyproject.toml)
    #   langchain-google-genai
frozenlist==1.5.0
    # via
    #   reasoning-agent (pyproject.toml)
    #   aiohttp
    #   aiosignal
google-ai-generativelanguage==0.6.17
    # via
    #   reasoning-agent (pyproject.toml)
    #   langchain-google-genai
google-api-core==2.24.2
    # via
    #   reasoning-agent (pyproject.toml)
    #   google-ai-generativelanguage
google-auth==2.38.0
    # via
    #   reasoning-agent (pyproject.toml)
    #   google-ai-generativelanguage
    #   google-api-core
googleapis-common-protos==1.69.2
    # via
    #   reasoning-agent (pyproject.toml)
    #   google-api-core
    #   grpcio-status
grpcio==1.71.0
    # via
    #   reasoning-agent (pyproject.toml)
    #   google-api-core
    #   grpcio-status
    #   grpcio-tools
    #   qdrant-client
grpcio-status==1.71.0
    # via
    #   reasoning-agent (pyproject.toml)
    #   google-api-core
grpcio-tools==1.71.0
    # via
    #   reasoning-agent (pyproject.toml)
    #   qdrant-client
h11==0.14.0
    # via
    #   reasoning-agent (pyproject.toml)
    #   httpcore
    #   uvicorn
h2==4.2.0
    # via
    #   reasoning-agent (pyproject.toml)
    #   httpx
hpack==4.1.0
    # via
    #   reasoning-agent (pyproject.toml)
    #   h2
httpcore==1.0.7
    # via
    #   reasoning-agent (pyproject.toml)
    #   httpx
httptools==0.6.4
    # via reasoning-agent (pyproject.toml)
httpx==0.28.1
    # via
    #   reasoning-agent (pyproject.toml)
    #   langgraph-sdk
    #   langsmith
    #   openai
    #   qdrant-client
httpx-sse==0.4.0
    # via
    #   reasoning-agent (pyproject.toml)
    #   langchain-community
hyperframe==6.1.0
    # via
    #   reasoning-agent (pyproject.toml)
    #   h2
idna==3.10
    # via
    #   reasoning-agent (pyproject.toml)
    #   anyio
    #   httpx
    #   requests
    #   yarl
jiter==0.9.0
    # via
    #   reasoning-agent (pyproject.toml)
    #   openai
jmespath==1.0.1
    # via
    #   reasoning-agent (pyproject.toml)
    #   boto3
    #   botocore
jsonpatch==1.33
    # via
    #   reasoning-agent (pyproject.toml)
    #   langchain-core
jsonpointer==3.0.0
    # via
    #   reasoning-agent (pyproject.toml)
    #   jsonpatch
langchain==0.3.20
    # via
    #   reasoning-agent (pyproject.toml)
    #   langchain-community
langchain-community==0.3.19
    # via
    #   reasoning-agent (pyproject.toml)
    #   orchestrator-agent
langchain-core==0.3.50
    # via
    #   reasoning-agent (pyproject.toml)
    #   langchain
    #   langchain-community
    #   langchain-google-genai
    #   langchain-openai
    #   langchain-qdrant
    #   langchain-text-splitters
    #   langgraph
    #   langgraph-checkpoint
    #   langgraph-prebuilt
    #   orchestrator-agent
langchain-google-genai==2.1.2
    # via reasoning-agent (pyproject.toml)
langchain-openai==0.3.9
    # via
    #   reasoning-agent (pyproject.toml)
    #   orchestrator-agent
langchain-qdrant==0.2.0
    # via
    #   reasoning-agent (pyproject.toml)
    #   orchestrator-agent
langchain-text-splitters==0.3.7
    # via
    #   reasoning-agent (pyproject.toml)
    #   langchain
langgraph==0.3.14
    # via
    #   reasoning-agent (pyproject.toml)
    #   orchestrator-agent
langgraph-checkpoint==2.0.21
    # via
    #   reasoning-agent (pyproject.toml)
    #   langgraph
    #   langgraph-prebuilt
langgraph-prebuilt==0.1.3
    # via
    #   reasoning-agent (pyproject.toml)
    #   langgraph
langgraph-sdk==0.1.57
    # via
    #   reasoning-agent (pyproject.toml)
    #   langgraph
langsmith==0.3.15
    # via
    #   reasoning-agent (pyproject.toml)
    #   langchain
    #   langchain-community
    #   langchain-core
marshmallow==3.26.1
    # via
    #   reasoning-agent (pyproject.toml)
    #   dataclasses-json
msgpack==1.1.0
    # via
    #   reasoning-agent (pyproject.toml)
    #   langgraph-checkpoint
multidict==6.2.0
    # via
    #   reasoning-agent (pyproject.toml)
    #   aiohttp
    #   yarl
mypy-extensions==1.0.0
    # via
    #   reasoning-agent (pyproject.toml)
    #   typing-inspect
numpy==2.2.4
    # via
    #   reasoning-agent (pyproject.toml)
    #   langchain-community
    #   qdrant-client
openai==1.66.3
    # via
    #   reasoning-agent (pyproject.toml)
    #   langchain-openai
orchestrator-agent @ file:///Users/lisun/Documents/GitHub/MA_Agents/backend/orchestrator_agent
    # via reasoning-agent (pyproject.toml)
orjson==3.10.15
    # via
    #   reasoning-agent (pyproject.toml)
    #   langgraph-sdk
    #   langsmith
packaging==24.2
    # via
    #   reasoning-agent (pyproject.toml)
    #   langchain-core
    #   langsmith
    #   marshmallow
portalocker==2.10.1
    # via
    #   reasoning-agent (pyproject.toml)
    #   qdrant-client
propcache==0.3.0
    # via
    #   reasoning-agent (pyproject.toml)
    #   aiohttp
    #   yarl
proto-plus==1.26.1
    # via
    #   reasoning-agent (pyproject.toml)
    #   google-ai-generativelanguage
    #   google-api-core
protobuf==5.29.3
    # via
    #   reasoning-agent (pyproject.toml)
    #   google-ai-generativelanguage
    #   google-api-core
    #   googleapis-common-protos
    #   grpcio-status
    #   grpcio-tools
    #   proto-plus
pyasn1==0.6.1
    # via
    #   reasoning-agent (pyproject.toml)
    #   pyasn1-modules
    #   rsa
pyasn1-modules==0.4.2
    # via
    #   reasoning-agent (pyproject.toml)
    #   google-auth
pydantic==2.10.6
    # via
    #   reasoning-agent (pyproject.toml)
    #   fastapi
    #   langchain
    #   langchain-core
    #   langchain-google-genai
    #   langchain-qdrant
    #   langsmith
    #   openai
    #   orchestrator-agent
    #   pydantic-settings
    #   qdrant-client
pydantic-core==2.27.2
    # via
    #   reasoning-agent (pyproject.toml)
    #   pydantic
pydantic-settings==2.8.1
    # via
    #   reasoning-agent (pyproject.toml)
    #   langchain-community
python-dateutil==2.9.0.post0
    # via
    #   reasoning-agent (pyproject.toml)
    #   botocore
python-dotenv==1.0.1
    # via
    #   reasoning-agent (pyproject.toml)
    #   orchestrator-agent
    #   pydantic-settings
pyyaml==6.0.2
    # via
    #   reasoning-agent (pyproject.toml)
    #   langchain
    #   langchain-community
    #   langchain-core
qdrant-client==1.13.3
    # via
    #   reasoning-agent (pyproject.toml)
    #   langchain-qdrant
redis==5.2.1
    # via reasoning-agent (pyproject.toml)
regex==2024.11.6
    # via
    #   reasoning-agent (pyproject.toml)
    #   tiktoken
requests==2.32.3
    # via
    #   reasoning-agent (pyproject.toml)
    #   google-api-core
    #   langchain
    #   langchain-community
    #   langsmith
    #   requests-toolbelt
    #   tiktoken
requests-toolbelt==1.0.0
    # via
    #   reasoning-agent (pyproject.toml)
    #   langsmith
rsa==4.9
    # via
    #   reasoning-agent (pyproject.toml)
    #   google-auth
s3transfer==0.11.4
    # via
    #   reasoning-agent (pyproject.toml)
    #   boto3
setuptools==76.1.0
    # via
    #   reasoning-agent (pyproject.toml)
    #   grpcio-tools
six==1.17.0
    # via
    #   reasoning-agent (pyproject.toml)
    #   python-dateutil
sniffio==1.3.1
    # via
    #   reasoning-agent (pyproject.toml)
    #   anyio
    #   openai
sqlalchemy==2.0.39
    # via
    #   reasoning-agent (pyproject.toml)
    #   langchain
    #   langchain-community
starlette==0.46.1
    # via
    #   reasoning-agent (pyproject.toml)
    #   fastapi
tenacity==9.0.0
    # via
    #   reasoning-agent (pyproject.toml)
    #   langchain-community
    #   langchain-core
tiktoken==0.9.0
    # via
    #   reasoning-agent (pyproject.toml)
    #   langchain-openai
tqdm==4.67.1
    # via
    #   reasoning-agent (pyproject.toml)
    #   openai
typing-extensions==4.12.2
    # via
    #   reasoning-agent (pyproject.toml)
    #   fastapi
    #   langchain-core
    #   openai
    #   pydantic
    #   pydantic-core
    #   sqlalchemy
    #   typing-inspect
typing-inspect==0.9.0
    # via
    #   reasoning-agent (pyproject.toml)
    #   dataclasses-json
urllib3==2.3.0
    # via
    #   reasoning-agent (pyproject.toml)
    #   botocore
    #   qdrant-client
    #   requests
uvicorn==0.34.0
    # via reasoning-agent (pyproject.toml)
uvloop==0.21.0
    # via reasoning-agent (pyproject.toml)
watchfiles==1.0.4
    # via reasoning-agent (pyproject.toml)
websockets==15.0.1
    # via reasoning-agent (pyproject.toml)
yarl==1.18.3
    # via
    #   reasoning-agent (pyproject.toml)
    #   aiohttp
zstandard==0.23.0
    # via
    #   reasoning-agent (pyproject.toml)
    #   langsmith
